// !$*UTF8*$!
{
	archiveVersion = 1;
	classes = {
	};
	objectVersion = 56;
	objects = {

/* Begin PBXBuildFile section */
		603A72F92AF2CF070087F14B /* ScannerView.swift in Sources */ = {isa = PBXBuildFile; fileRef = 603A72F82AF2CF070087F14B /* ScannerView.swift */; };
		605806332AF43F66004F40C0 /* Alert.swift in Sources */ = {isa = PBXBuildFile; fileRef = 605806322AF43F66004F40C0 /* Alert.swift */; };
		605806352AF43FC3004F40C0 /* ScannerViewModel.swift in Sources */ = {isa = PBXBuildFile; fileRef = 605806342AF43FC3004F40C0 /* ScannerViewModel.swift */; };
		60A3B09F2AF172B30045821E /* CameraScannerVC.swift in Sources */ = {isa = PBXBuildFile; fileRef = 60A3B09E2AF172B30045821E /* CameraScannerVC.swift */; };
		60EC9ABA2AEFB76500B0DDD9 /* QRAndBarCodeScannerApp.swift in Sources */ = {isa = PBXBuildFile; fileRef = 60EC9AB92AEFB76500B0DDD9 /* QRAndBarCodeScannerApp.swift */; };
		60EC9ABC2AEFB76500B0DDD9 /* ScanView.swift in Sources */ = {isa = PBXBuildFile; fileRef = 60EC9ABB2AEFB76500B0DDD9 /* ScanView.swift */; };
		60EC9ABE2AEFB76800B0DDD9 /* Assets.xcassets in Resources */ = {isa = PBXBuildFile; fileRef = 60EC9ABD2AEFB76800B0DDD9 /* Assets.xcassets */; };
		60EC9AC12AEFB76800B0DDD9 /* Preview Assets.xcassets in Resources */ = {isa = PBXBuildFile; fileRef = 60EC9AC02AEFB76800B0DDD9 /* Preview Assets.xcassets */; };
		60EC9ACC2AEFC28600B0DDD9 /* CreateView.swift in Sources */ = {isa = PBXBuildFile; fileRef = 60EC9ACB2AEFC28600B0DDD9 /* CreateView.swift */; };
		60EC9ACE2AEFC29500B0DDD9 /* HistoryView.swift in Sources */ = {isa = PBXBuildFile; fileRef = 60EC9ACD2AEFC29500B0DDD9 /* HistoryView.swift */; };
		60EC9AD02AEFC2B500B0DDD9 /* SettingsView.swift in Sources */ = {isa = PBXBuildFile; fileRef = 60EC9ACF2AEFC2B500B0DDD9 /* SettingsView.swift */; };
		60EC9AD22AEFC4B400B0DDD9 /* HomeView.swift in Sources */ = {isa = PBXBuildFile; fileRef = 60EC9AD12AEFC4B400B0DDD9 /* HomeView.swift */; };
/* End PBXBuildFile section */

/* Begin PBXFileReference section */
		603A72F82AF2CF070087F14B /* ScannerView.swift */ = {isa = PBXFileReference; lastKnownFileType = sourcecode.swift; path = ScannerView.swift; sourceTree = "<group>"; };
		605806322AF43F66004F40C0 /* Alert.swift */ = {isa = PBXFileReference; lastKnownFileType = sourcecode.swift; path = Alert.swift; sourceTree = "<group>"; };
		605806342AF43FC3004F40C0 /* ScannerViewModel.swift */ = {isa = PBXFileReference; lastKnownFileType = sourcecode.swift; path = ScannerViewModel.swift; sourceTree = "<group>"; };
		60A3B09E2AF172B30045821E /* CameraScannerVC.swift */ = {isa = PBXFileReference; lastKnownFileType = sourcecode.swift; path = CameraScannerVC.swift; sourceTree = "<group>"; };
		60EC9AB62AEFB76500B0DDD9 /* QRAndBarCodeScanner.app */ = {isa = PBXFileReference; explicitFileType = wrapper.application; includeInIndex = 0; path = QRAndBarCodeScanner.app; sourceTree = BUILT_PRODUCTS_DIR; };
		60EC9AB92AEFB76500B0DDD9 /* QRAndBarCodeScannerApp.swift */ = {isa = PBXFileReference; lastKnownFileType = sourcecode.swift; path = QRAndBarCodeScannerApp.swift; sourceTree = "<group>"; };
		60EC9ABB2AEFB76500B0DDD9 /* ScanView.swift */ = {isa = PBXFileReference; lastKnownFileType = sourcecode.swift; path = ScanView.swift; sourceTree = "<group>"; };
		60EC9ABD2AEFB76800B0DDD9 /* Assets.xcassets */ = {isa = PBXFileReference; lastKnownFileType = folder.assetcatalog; path = Assets.xcassets; sourceTree = "<group>"; };
		60EC9AC02AEFB76800B0DDD9 /* Preview Assets.xcassets */ = {isa = PBXFileReference; lastKnownFileType = folder.assetcatalog; path = "Preview Assets.xcassets"; sourceTree = "<group>"; };
		60EC9ACB2AEFC28600B0DDD9 /* CreateView.swift */ = {isa = PBXFileReference; lastKnownFileType = sourcecode.swift; path = CreateView.swift; sourceTree = "<group>"; };
		60EC9ACD2AEFC29500B0DDD9 /* HistoryView.swift */ = {isa = PBXFileReference; lastKnownFileType = sourcecode.swift; path = HistoryView.swift; sourceTree = "<group>"; };
		60EC9ACF2AEFC2B500B0DDD9 /* SettingsView.swift */ = {isa = PBXFileReference; lastKnownFileType = sourcecode.swift; path = SettingsView.swift; sourceTree = "<group>"; };
		60EC9AD12AEFC4B400B0DDD9 /* HomeView.swift */ = {isa = PBXFileReference; lastKnownFileType = sourcecode.swift; path = HomeView.swift; sourceTree = "<group>"; };
/* End PBXFileReference section */

/* Begin PBXFrameworksBuildPhase section */
		60EC9AB32AEFB76500B0DDD9 /* Frameworks */ = {
			isa = PBXFrameworksBuildPhase;
			buildActionMask = 2147483647;
			files = (
			);
			runOnlyForDeploymentPostprocessing = 0;
		};
/* End PBXFrameworksBuildPhase section */

/* Begin PBXGroup section */
		605806362AF440F9004F40C0 /* HomeView */ = {
			isa = PBXGroup;
			children = (
				60EC9AD12AEFC4B400B0DDD9 /* HomeView.swift */,
			);
			path = HomeView;
			sourceTree = "<group>";
		};
		605806372AF44109004F40C0 /* ScannerView */ = {
			isa = PBXGroup;
			children = (
				60EC9ABB2AEFB76500B0DDD9 /* ScanView.swift */,
				605806342AF43FC3004F40C0 /* ScannerViewModel.swift */,
			);
			path = ScannerView;
			sourceTree = "<group>";
		};
		605806382AF4412F004F40C0 /* CreateView */ = {
			isa = PBXGroup;
			children = (
				60EC9ACB2AEFC28600B0DDD9 /* CreateView.swift */,
			);
			path = CreateView;
			sourceTree = "<group>";
		};
		605806392AF44140004F40C0 /* HistoryView */ = {
			isa = PBXGroup;
			children = (
				60EC9ACD2AEFC29500B0DDD9 /* HistoryView.swift */,
			);
			path = HistoryView;
			sourceTree = "<group>";
		};
		6058063A2AF44149004F40C0 /* SettingsView */ = {
			isa = PBXGroup;
			children = (
				60EC9ACF2AEFC2B500B0DDD9 /* SettingsView.swift */,
			);
			path = SettingsView;
			sourceTree = "<group>";
		};
		6058063B2AF4417B004F40C0 /* Utilities */ = {
			isa = PBXGroup;
			children = (
				605806322AF43F66004F40C0 /* Alert.swift */,
			);
			path = Utilities;
			sourceTree = "<group>";
		};
		60EC9AAD2AEFB76500B0DDD9 = {
			isa = PBXGroup;
			children = (
				60EC9AB82AEFB76500B0DDD9 /* QRAndBarCodeScanner */,
				60EC9AB72AEFB76500B0DDD9 /* Products */,
			);
			sourceTree = "<group>";
		};
		60EC9AB72AEFB76500B0DDD9 /* Products */ = {
			isa = PBXGroup;
			children = (
				60EC9AB62AEFB76500B0DDD9 /* QRAndBarCodeScanner.app */,
			);
			name = Products;
			sourceTree = "<group>";
		};
		60EC9AB82AEFB76500B0DDD9 /* QRAndBarCodeScanner */ = {
			isa = PBXGroup;
			children = (
				6058063B2AF4417B004F40C0 /* Utilities */,
				60EC9AC72AEFC12F00B0DDD9 /* Model */,
				60EC9AC82AEFC14000B0DDD9 /* View */,
				60EC9AC92AEFC14600B0DDD9 /* ViewModel */,
				60EC9ACA2AEFC14F00B0DDD9 /* Screens */,
				60EC9AB92AEFB76500B0DDD9 /* QRAndBarCodeScannerApp.swift */,
				60EC9ABD2AEFB76800B0DDD9 /* Assets.xcassets */,
				60EC9ABF2AEFB76800B0DDD9 /* Preview Content */,
			);
			path = QRAndBarCodeScanner;
			sourceTree = "<group>";
		};
		60EC9ABF2AEFB76800B0DDD9 /* Preview Content */ = {
			isa = PBXGroup;
			children = (
				60EC9AC02AEFB76800B0DDD9 /* Preview Assets.xcassets */,
			);
			path = "Preview Content";
			sourceTree = "<group>";
		};
		60EC9AC72AEFC12F00B0DDD9 /* Model */ = {
			isa = PBXGroup;
			children = (
			);
			path = Model;
			sourceTree = "<group>";
		};
		60EC9AC82AEFC14000B0DDD9 /* View */ = {
			isa = PBXGroup;
			children = (
				60A3B09E2AF172B30045821E /* CameraScannerVC.swift */,
				603A72F82AF2CF070087F14B /* ScannerView.swift */,
			);
			path = View;
			sourceTree = "<group>";
		};
		60EC9AC92AEFC14600B0DDD9 /* ViewModel */ = {
			isa = PBXGroup;
			children = (
			);
			path = ViewModel;
			sourceTree = "<group>";
		};
		60EC9ACA2AEFC14F00B0DDD9 /* Screens */ = {
			isa = PBXGroup;
			children = (
				605806362AF440F9004F40C0 /* HomeView */,
				605806372AF44109004F40C0 /* ScannerView */,
				605806382AF4412F004F40C0 /* CreateView */,
				605806392AF44140004F40C0 /* HistoryView */,
				6058063A2AF44149004F40C0 /* SettingsView */,
			);
			path = Screens;
			sourceTree = "<group>";
		};
/* End PBXGroup section */

/* Begin PBXNativeTarget section */
		60EC9AB52AEFB76500B0DDD9 /* QRAndBarCodeScanner */ = {
			isa = PBXNativeTarget;
			buildConfigurationList = 60EC9AC42AEFB76800B0DDD9 /* Build configuration list for PBXNativeTarget "QRAndBarCodeScanner" */;
			buildPhases = (
				60EC9AB22AEFB76500B0DDD9 /* Sources */,
				60EC9AB32AEFB76500B0DDD9 /* Frameworks */,
				60EC9AB42AEFB76500B0DDD9 /* Resources */,
			);
			buildRules = (
			);
			dependencies = (
			);
			name = QRAndBarCodeScanner;
			productName = QRAndBarCodeScanner;
			productReference = 60EC9AB62AEFB76500B0DDD9 /* QRAndBarCodeScanner.app */;
			productType = "com.apple.product-type.application";
		};
/* End PBXNativeTarget section */

/* Begin PBXProject section */
		60EC9AAE2AEFB76500B0DDD9 /* Project object */ = {
			isa = PBXProject;
			attributes = {
				BuildIndependentTargetsInParallel = 1;
				LastSwiftUpdateCheck = 1500;
				LastUpgradeCheck = 1500;
				TargetAttributes = {
					60EC9AB52AEFB76500B0DDD9 = {
						CreatedOnToolsVersion = 15.0.1;
					};
				};
			};
			buildConfigurationList = 60EC9AB12AEFB76500B0DDD9 /* Build configuration list for PBXProject "QRAndBarCodeScanner" */;
			compatibilityVersion = "Xcode 14.0";
			developmentRegion = en;
			hasScannedForEncodings = 0;
			knownRegions = (
				en,
				Base,
			);
			mainGroup = 60EC9AAD2AEFB76500B0DDD9;
			productRefGroup = 60EC9AB72AEFB76500B0DDD9 /* Products */;
			projectDirPath = "";
			projectRoot = "";
			targets = (
				60EC9AB52AEFB76500B0DDD9 /* QRAndBarCodeScanner */,
			);
		};
/* End PBXProject section */

/* Begin PBXResourcesBuildPhase section */
		60EC9AB42AEFB76500B0DDD9 /* Resources */ = {
			isa = PBXResourcesBuildPhase;
			buildActionMask = 2147483647;
			files = (
				60EC9AC12AEFB76800B0DDD9 /* Preview Assets.xcassets in Resources */,
				60EC9ABE2AEFB76800B0DDD9 /* Assets.xcassets in Resources */,
			);
			runOnlyForDeploymentPostprocessing = 0;
		};
/* End PBXResourcesBuildPhase section */

/* Begin PBXSourcesBuildPhase section */
		60EC9AB22AEFB76500B0DDD9 /* Sources */ = {
			isa = PBXSourcesBuildPhase;
			buildActionMask = 2147483647;
			files = (
				605806332AF43F66004F40C0 /* Alert.swift in Sources */,
				60EC9AD02AEFC2B500B0DDD9 /* SettingsView.swift in Sources */,
				603A72F92AF2CF070087F14B /* ScannerView.swift in Sources */,
				60A3B09F2AF172B30045821E /* CameraScannerVC.swift in Sources */,
				60EC9ABC2AEFB76500B0DDD9 /* ScanView.swift in Sources */,
				605806352AF43FC3004F40C0 /* ScannerViewModel.swift in Sources */,
				60EC9ACE2AEFC29500B0DDD9 /* HistoryView.swift in Sources */,
				60EC9AD22AEFC4B400B0DDD9 /* HomeView.swift in Sources */,
				60EC9ACC2AEFC28600B0DDD9 /* CreateView.swift in Sources */,
				60EC9ABA2AEFB76500B0DDD9 /* QRAndBarCodeScannerApp.swift in Sources */,
			);
			runOnlyForDeploymentPostprocessing = 0;
		};
/* End PBXSourcesBuildPhase section */

/* Begin XCBuildConfiguration section */
		60EC9AC22AEFB76800B0DDD9 /* Debug */ = {
			isa = XCBuildConfiguration;
			buildSettings = {
				ALWAYS_SEARCH_USER_PATHS = NO;
				ASSETCATALOG_COMPILER_GENERATE_SWIFT_ASSET_SYMBOL_EXTENSIONS = YES;
				CLANG_ANALYZER_NONNULL = YES;
				CLANG_ANALYZER_NUMBER_OBJECT_CONVERSION = YES_AGGRESSIVE;
				CLANG_CXX_LANGUAGE_STANDARD = "gnu++20";
				CLANG_ENABLE_MODULES = YES;
				CLANG_ENABLE_OBJC_ARC = YES;
				CLANG_ENABLE_OBJC_WEAK = YES;
				CLANG_WARN_BLOCK_CAPTURE_AUTORELEASING = YES;
				CLANG_WARN_BOOL_CONVERSION = YES;
				CLANG_WARN_COMMA = YES;
				CLANG_WARN_CONSTANT_CONVERSION = YES;
				CLANG_WARN_DEPRECATED_OBJC_IMPLEMENTATIONS = YES;
				CLANG_WARN_DIRECT_OBJC_ISA_USAGE = YES_ERROR;
				CLANG_WARN_DOCUMENTATION_COMMENTS = YES;
				CLANG_WARN_EMPTY_BODY = YES;
				CLANG_WARN_ENUM_CONVERSION = YES;
				CLANG_WARN_INFINITE_RECURSION = YES;
				CLANG_WARN_INT_CONVERSION = YES;
				CLANG_WARN_NON_LITERAL_NULL_CONVERSION = YES;
				CLANG_WARN_OBJC_IMPLICIT_RETAIN_SELF = YES;
				CLANG_WARN_OBJC_LITERAL_CONVERSION = YES;
				CLANG_WARN_OBJC_ROOT_CLASS = YES_ERROR;
				CLANG_WARN_QUOTED_INCLUDE_IN_FRAMEWORK_HEADER = YES;
				CLANG_WARN_RANGE_LOOP_ANALYSIS = YES;
				CLANG_WARN_STRICT_PROTOTYPES = YES;
				CLANG_WARN_SUSPICIOUS_MOVE = YES;
				CLANG_WARN_UNGUARDED_AVAILABILITY = YES_AGGRESSIVE;
				CLANG_WARN_UNREACHABLE_CODE = YES;
				CLANG_WARN__DUPLICATE_METHOD_MATCH = YES;
				COPY_PHASE_STRIP = NO;
				DEBUG_INFORMATION_FORMAT = dwarf;
				ENABLE_STRICT_OBJC_MSGSEND = YES;
				ENABLE_TESTABILITY = YES;
				ENABLE_USER_SCRIPT_SANDBOXING = YES;
				GCC_C_LANGUAGE_STANDARD = gnu17;
				GCC_DYNAMIC_NO_PIC = NO;
				GCC_NO_COMMON_BLOCKS = YES;
				GCC_OPTIMIZATION_LEVEL = 0;
				GCC_PREPROCESSOR_DEFINITIONS = (
					"DEBUG=1",
					"$(inherited)",
				);
				GCC_WARN_64_TO_32_BIT_CONVERSION = YES;
				GCC_WARN_ABOUT_RETURN_TYPE = YES_ERROR;
				GCC_WARN_UNDECLARED_SELECTOR = YES;
				GCC_WARN_UNINITIALIZED_AUTOS = YES_AGGRESSIVE;
				GCC_WARN_UNUSED_FUNCTION = YES;
				GCC_WARN_UNUSED_VARIABLE = YES;
				IPHONEOS_DEPLOYMENT_TARGET = 15.6;
				LOCALIZATION_PREFERS_STRING_CATALOGS = YES;
				MTL_ENABLE_DEBUG_INFO = INCLUDE_SOURCE;
				MTL_FAST_MATH = YES;
				ONLY_ACTIVE_ARCH = YES;
				SDKROOT = iphoneos;
				SWIFT_ACTIVE_COMPILATION_CONDITIONS = "DEBUG $(inherited)";
				SWIFT_OPTIMIZATION_LEVEL = "-Onone";
			};
			name = Debug;
		};
		60EC9AC32AEFB76800B0DDD9 /* Release */ = {
			isa = XCBuildConfiguration;
			buildSettings = {
				ALWAYS_SEARCH_USER_PATHS = NO;
				ASSETCATALOG_COMPILER_GENERATE_SWIFT_ASSET_SYMBOL_EXTENSIONS = YES;
				CLANG_ANALYZER_NONNULL = YES;
				CLANG_ANALYZER_NUMBER_OBJECT_CONVERSION = YES_AGGRESSIVE;
				CLANG_CXX_LANGUAGE_STANDARD = "gnu++20";
				CLANG_ENABLE_MODULES = YES;
				CLANG_ENABLE_OBJC_ARC = YES;
				CLANG_ENABLE_OBJC_WEAK = YES;
				CLANG_WARN_BLOCK_CAPTURE_AUTORELEASING = YES;
				CLANG_WARN_BOOL_CONVERSION = YES;
				CLANG_WARN_COMMA = YES;
				CLANG_WARN_CONSTANT_CONVERSION = YES;
				CLANG_WARN_DEPRECATED_OBJC_IMPLEMENTATIONS = YES;
				CLANG_WARN_DIRECT_OBJC_ISA_USAGE = YES_ERROR;
				CLANG_WARN_DOCUMENTATION_COMMENTS = YES;
				CLANG_WARN_EMPTY_BODY = YES;
				CLANG_WARN_ENUM_CONVERSION = YES;
				CLANG_WARN_INFINITE_RECURSION = YES;
				CLANG_WARN_INT_CONVERSION = YES;
				CLANG_WARN_NON_LITERAL_NULL_CONVERSION = YES;
				CLANG_WARN_OBJC_IMPLICIT_RETAIN_SELF = YES;
				CLANG_WARN_OBJC_LITERAL_CONVERSION = YES;
				CLANG_WARN_OBJC_ROOT_CLASS = YES_ERROR;
				CLANG_WARN_QUOTED_INCLUDE_IN_FRAMEWORK_HEADER = YES;
				CLANG_WARN_RANGE_LOOP_ANALYSIS = YES;
				CLANG_WARN_STRICT_PROTOTYPES = YES;
				CLANG_WARN_SUSPICIOUS_MOVE = YES;
				CLANG_WARN_UNGUARDED_AVAILABILITY = YES_AGGRESSIVE;
				CLANG_WARN_UNREACHABLE_CODE = YES;
				CLANG_WARN__DUPLICATE_METHOD_MATCH = YES;
				COPY_PHASE_STRIP = NO;
				DEBUG_INFORMATION_FORMAT = "dwarf-with-dsym";
				ENABLE_NS_ASSERTIONS = NO;
				ENABLE_STRICT_OBJC_MSGSEND = YES;
				ENABLE_USER_SCRIPT_SANDBOXING = YES;
				GCC_C_LANGUAGE_STANDARD = gnu17;
				GCC_NO_COMMON_BLOCKS = YES;
				GCC_WARN_64_TO_32_BIT_CONVERSION = YES;
				GCC_WARN_ABOUT_RETURN_TYPE = YES_ERROR;
				GCC_WARN_UNDECLARED_SELECTOR = YES;
				GCC_WARN_UNINITIALIZED_AUTOS = YES_AGGRESSIVE;
				GCC_WARN_UNUSED_FUNCTION = YES;
				GCC_WARN_UNUSED_VARIABLE = YES;
				IPHONEOS_DEPLOYMENT_TARGET = 15.6;
				LOCALIZATION_PREFERS_STRING_CATALOGS = YES;
				MTL_ENABLE_DEBUG_INFO = NO;
				MTL_FAST_MATH = YES;
				SDKROOT = iphoneos;
				SWIFT_COMPILATION_MODE = wholemodule;
				VALIDATE_PRODUCT = YES;
			};
			name = Release;
		};
		60EC9AC52AEFB76800B0DDD9 /* Debug */ = {
			isa = XCBuildConfiguration;
			buildSettings = {
				ASSETCATALOG_COMPILER_APPICON_NAME = AppIcon;
				ASSETCATALOG_COMPILER_GLOBAL_ACCENT_COLOR_NAME = AccentColor;
				CODE_SIGN_STYLE = Automatic;
				CURRENT_PROJECT_VERSION = 1;
				DEVELOPMENT_ASSET_PATHS = "\"QRAndBarCodeScanner/Preview Content\"";
				DEVELOPMENT_TEAM = UTHCCU7C7S;
				ENABLE_PREVIEWS = YES;
				GENERATE_INFOPLIST_FILE = YES;
				INFOPLIST_KEY_NSCameraUsageDescription = "Need to use the camera to scan barcodes.";
				INFOPLIST_KEY_UIApplicationSceneManifest_Generation = YES;
				INFOPLIST_KEY_UIApplicationSupportsIndirectInputEvents = YES;
				INFOPLIST_KEY_UILaunchScreen_Generation = YES;
				INFOPLIST_KEY_UISupportedInterfaceOrientations_iPad = "UIInterfaceOrientationPortrait UIInterfaceOrientationPortraitUpsideDown UIInterfaceOrientationLandscapeLeft UIInterfaceOrientationLandscapeRight";
				INFOPLIST_KEY_UISupportedInterfaceOrientations_iPhone = "UIInterfaceOrientationPortrait UIInterfaceOrientationLandscapeLeft UIInterfaceOrientationLandscapeRight";
				IPHONEOS_DEPLOYMENT_TARGET = 15.6;
				LD_RUNPATH_SEARCH_PATHS = (
					"$(inherited)",
					"@executable_path/Frameworks",
				);
				MARKETING_VERSION = 1.0;
				PRODUCT_BUNDLE_IDENTIFIER = "com.mycompany.-";
				PRODUCT_NAME = "$(TARGET_NAME)";
				SWIFT_EMIT_LOC_STRINGS = YES;
				SWIFT_VERSION = 5.0;
				TARGETED_DEVICE_FAMILY = "1,2";
			};
			name = Debug;
		};
		60EC9AC62AEFB76800B0DDD9 /* Release */ = {
			isa = XCBuildConfiguration;
			buildSettings = {
				ASSETCATALOG_COMPILER_APPICON_NAME = AppIcon;
				ASSETCATALOG_COMPILER_GLOBAL_ACCENT_COLOR_NAME = AccentColor;
				CODE_SIGN_STYLE = Automatic;
				CURRENT_PROJECT_VERSION = 1;
				DEVELOPMENT_ASSET_PATHS = "\"QRAndBarCodeScanner/Preview Content\"";
				DEVELOPMENT_TEAM = UTHCCU7C7S;
				ENABLE_PREVIEWS = YES;
				GENERATE_INFOPLIST_FILE = YES;
				INFOPLIST_KEY_NSCameraUsageDescription = "Need to use the camera to scan barcodes.";
				INFOPLIST_KEY_UIApplicationSceneManifest_Generation = YES;
				INFOPLIST_KEY_UIApplicationSupportsIndirectInputEvents = YES;
				INFOPLIST_KEY_UILaunchScreen_Generation = YES;
				INFOPLIST_KEY_UISupportedInterfaceOrientations_iPad = "UIInterfaceOrientationPortrait UIInterfaceOrientationPortraitUpsideDown UIInterfaceOrientationLandscapeLeft UIInterfaceOrientationLandscapeRight";
				INFOPLIST_KEY_UISupportedInterfaceOrientations_iPhone = "UIInterfaceOrientationPortrait UIInterfaceOrientationLandscapeLeft UIInterfaceOrientationLandscapeRight";
				IPHONEOS_DEPLOYMENT_TARGET = 15.6;
				LD_RUNPATH_SEARCH_PATHS = (
					"$(inherited)",
					"@executable_path/Frameworks",
				);
				MARKETING_VERSION = 1.0;
				PRODUCT_BUNDLE_IDENTIFIER = "com.mycompany.-";
				PRODUCT_NAME = "$(TARGET_NAME)";
				SWIFT_EMIT_LOC_STRINGS = YES;
				SWIFT_VERSION = 5.0;
				TARGETED_DEVICE_FAMILY = "1,2";
			};
			name = Release;
		};
/* End XCBuildConfiguration section */

/* Begin XCConfigurationList section */
		60EC9AB12AEFB76500B0DDD9 /* Build configuration list for PBXProject "QRAndBarCodeScanner" */ = {
			isa = XCConfigurationList;
			buildConfigurations = (
				60EC9AC22AEFB76800B0DDD9 /* Debug */,
				60EC9AC32AEFB76800B0DDD9 /* Release */,
			);
			defaultConfigurationIsVisible = 0;
			defaultConfigurationName = Release;
		};
		60EC9AC42AEFB76800B0DDD9 /* Build configuration list for PBXNativeTarget "QRAndBarCodeScanner" */ = {
			isa = XCConfigurationList;
			buildConfigurations = (
				60EC9AC52AEFB76800B0DDD9 /* Debug */,
				60EC9AC62AEFB76800B0DDD9 /* Release */,
			);
			defaultConfigurationIsVisible = 0;
			defaultConfigurationName = Release;
		};
/* End XCConfigurationList section */
	};
	rootObject = 60EC9AAE2AEFB76500B0DDD9 /* Project object */;
}
